
Microsoft Visual Studio Solution File, Format Version 12.00
# Visual Studio Express 15 for Windows Desktop
VisualStudioVersion = 15.0.28307.1209
MinimumVisualStudioVersion = 10.0.40219.1
Project("{FAE04EC0-301F-11D3-BF4B-00C04F79EFBC}") = "AsyncAwait", "AsyncAwait\AsyncAwait.csproj", "{B89218B4-C182-4010-9DA8-4E80ABC80844}"
EndProject
Global
	GlobalSection(SolutionConfigurationPlatforms) = preSolution
		Debug|Any CPU = Debug|Any CPU
		Release|Any CPU = Release|Any CPU
	EndGlobalSection
	GlobalSection(ProjectConfigurationPlatforms) = postSolution
		{B89218B4-C182-4010-9DA8-4E80ABC80844}.Debug|Any CPU.ActiveCfg = Debug|Any CPU
		{B89218B4-C182-4010-9DA8-4E80ABC80844}.Debug|Any CPU.Build.0 = Debug|Any CPU
		{B89218B4-C182-4010-9DA8-4E80ABC80844}.Release|Any CPU.ActiveCfg = Release|Any CPU
		{B89218B4-C182-4010-9DA8-4E80ABC80844}.Release|Any CPU.Build.0 = Release|Any CPU
	EndGlobalSection
	GlobalSection(SolutionProperties) = preSolution
		HideSolutionNode = FALSE
	EndGlobalSection
	GlobalSection(ExtensibilityGlobals) = postSolution
		SolutionGuid = {1D61F0AC-DADB-4C8D-9363-E1E95FC8DD95}
	EndGlobalSection
EndGlobal
